// !$*UTF8*$!
{
	archiveVersion = 1;
	classes = {
	};
	objectVersion = 56;
	objects = {

/* Begin PBXBuildFile section */
		34396BC7294C258000FCD508 /* CardsApp.swift in Sources */ = {isa = PBXBuildFile; fileRef = 34396BC6294C258000FCD508 /* CardsApp.swift */; };
		34396BCB294C258200FCD508 /* Assets.xcassets in Resources */ = {isa = PBXBuildFile; fileRef = 34396BCA294C258200FCD508 /* Assets.xcassets */; };
		34396BCE294C258200FCD508 /* Preview Assets.xcassets in Resources */ = {isa = PBXBuildFile; fileRef = 34396BCD294C258200FCD508 /* Preview Assets.xcassets */; };
		34396BD5294C4B8D00FCD508 /* CardThumbnailView.swift in Sources */ = {isa = PBXBuildFile; fileRef = 34396BD4294C4B8D00FCD508 /* CardThumbnailView.swift */; };
		34396BD7294C4C2700FCD508 /* CardsListView.swift in Sources */ = {isa = PBXBuildFile; fileRef = 34396BD6294C4C2700FCD508 /* CardsListView.swift */; };
		34396BD9294C4C5100FCD508 /* SingleCardView.swift in Sources */ = {isa = PBXBuildFile; fileRef = 34396BD8294C4C5100FCD508 /* SingleCardView.swift */; };
		34396BDB294C4CDD00FCD508 /* ViewState.swift in Sources */ = {isa = PBXBuildFile; fileRef = 34396BDA294C4CDD00FCD508 /* ViewState.swift */; };
		34396BDD294C4E7D00FCD508 /* CardsView.swift in Sources */ = {isa = PBXBuildFile; fileRef = 34396BDC294C4E7D00FCD508 /* CardsView.swift */; };
		3443210929504CA400FDE018 /* PreviewData.swift in Sources */ = {isa = PBXBuildFile; fileRef = 3443210829504CA400FDE018 /* PreviewData.swift */; };
		3443210B29504CCE00FDE018 /* TextExtensions.swift in Sources */ = {isa = PBXBuildFile; fileRef = 3443210A29504CCE00FDE018 /* TextExtensions.swift */; };
		3443210D29504D9E00FDE018 /* CardElement.swift in Sources */ = {isa = PBXBuildFile; fileRef = 3443210C29504D9E00FDE018 /* CardElement.swift */; };
		3443210F29504DE800FDE018 /* Card.swift in Sources */ = {isa = PBXBuildFile; fileRef = 3443210E29504DE800FDE018 /* Card.swift */; };
		3443211129504E2400FDE018 /* CardStore.swift in Sources */ = {isa = PBXBuildFile; fileRef = 3443211029504E2400FDE018 /* CardStore.swift */; };
		344321132950587000FDE018 /* CardElementView.swift in Sources */ = {isa = PBXBuildFile; fileRef = 344321122950587000FDE018 /* CardElementView.swift */; };
		344321162950623B00FDE018 /* Stickers in Resources */ = {isa = PBXBuildFile; fileRef = 344321152950623B00FDE018 /* Stickers */; };
		344321192950628D00FDE018 /* StickerPicker.swift in Sources */ = {isa = PBXBuildFile; fileRef = 344321182950628D00FDE018 /* StickerPicker.swift */; };
		3474D6A4294D697500E2FDB0 /* ResizableView.swift in Sources */ = {isa = PBXBuildFile; fileRef = 3474D6A3294D697500E2FDB0 /* ResizableView.swift */; };
		3474D6A8294D70EC00E2FDB0 /* Transform.swift in Sources */ = {isa = PBXBuildFile; fileRef = 3474D6A7294D70EC00E2FDB0 /* Transform.swift */; };
		3474D6AA294D75A300E2FDB0 /* Operators.swift in Sources */ = {isa = PBXBuildFile; fileRef = 3474D6A9294D75A300E2FDB0 /* Operators.swift */; };
		3474D6AD294D875E00E2FDB0 /* ViewExtensions.swift in Sources */ = {isa = PBXBuildFile; fileRef = 3474D6AC294D875E00E2FDB0 /* ViewExtensions.swift */; };
		3474D6B0294D94E700E2FDB0 /* Settings.swift in Sources */ = {isa = PBXBuildFile; fileRef = 3474D6AF294D94E700E2FDB0 /* Settings.swift */; };
		3474D6B2294D95C200E2FDB0 /* ColorExtensions.swift in Sources */ = {isa = PBXBuildFile; fileRef = 3474D6B1294D95C200E2FDB0 /* ColorExtensions.swift */; };
		3487E0B1294C55B300F61376 /* CardDetailView.swift in Sources */ = {isa = PBXBuildFile; fileRef = 3487E0B0294C55B300F61376 /* CardDetailView.swift */; };
		3487E0B3294C5C7F00F61376 /* CardModal.swift in Sources */ = {isa = PBXBuildFile; fileRef = 3487E0B2294C5C7F00F61376 /* CardModal.swift */; };
		3487E0B5294C5D0600F61376 /* CardBottomToolbar.swift in Sources */ = {isa = PBXBuildFile; fileRef = 3487E0B4294C5D0600F61376 /* CardBottomToolbar.swift */; };
/* End PBXBuildFile section */

/* Begin PBXFileReference section */
		34396BC3294C258000FCD508 /* Cards.app */ = {isa = PBXFileReference; explicitFileType = wrapper.application; includeInIndex = 0; path = Cards.app; sourceTree = BUILT_PRODUCTS_DIR; };
		34396BC6294C258000FCD508 /* CardsApp.swift */ = {isa = PBXFileReference; lastKnownFileType = sourcecode.swift; path = CardsApp.swift; sourceTree = "<group>"; };
		34396BCA294C258200FCD508 /* Assets.xcassets */ = {isa = PBXFileReference; lastKnownFileType = folder.assetcatalog; path = Assets.xcassets; sourceTree = "<group>"; };
		34396BCD294C258200FCD508 /* Preview Assets.xcassets */ = {isa = PBXFileReference; lastKnownFileType = folder.assetcatalog; path = "Preview Assets.xcassets"; sourceTree = "<group>"; };
		34396BD4294C4B8D00FCD508 /* CardThumbnailView.swift */ = {isa = PBXFileReference; lastKnownFileType = sourcecode.swift; path = CardThumbnailView.swift; sourceTree = "<group>"; };
		34396BD6294C4C2700FCD508 /* CardsListView.swift */ = {isa = PBXFileReference; lastKnownFileType = sourcecode.swift; path = CardsListView.swift; sourceTree = "<group>"; };
		34396BD8294C4C5100FCD508 /* SingleCardView.swift */ = {isa = PBXFileReference; lastKnownFileType = sourcecode.swift; path = SingleCardView.swift; sourceTree = "<group>"; };
		34396BDA294C4CDD00FCD508 /* ViewState.swift */ = {isa = PBXFileReference; lastKnownFileType = sourcecode.swift; path = ViewState.swift; sourceTree = "<group>"; };
		34396BDC294C4E7D00FCD508 /* CardsView.swift */ = {isa = PBXFileReference; lastKnownFileType = sourcecode.swift; path = CardsView.swift; sourceTree = "<group>"; };
		3443210829504CA400FDE018 /* PreviewData.swift */ = {isa = PBXFileReference; fileEncoding = 4; lastKnownFileType = sourcecode.swift; path = PreviewData.swift; sourceTree = "<group>"; };
		3443210A29504CCE00FDE018 /* TextExtensions.swift */ = {isa = PBXFileReference; lastKnownFileType = sourcecode.swift; path = TextExtensions.swift; sourceTree = "<group>"; };
		3443210C29504D9E00FDE018 /* CardElement.swift */ = {isa = PBXFileReference; lastKnownFileType = sourcecode.swift; path = CardElement.swift; sourceTree = "<group>"; };
		3443210E29504DE800FDE018 /* Card.swift */ = {isa = PBXFileReference; lastKnownFileType = sourcecode.swift; path = Card.swift; sourceTree = "<group>"; };
		3443211029504E2400FDE018 /* CardStore.swift */ = {isa = PBXFileReference; lastKnownFileType = sourcecode.swift; path = CardStore.swift; sourceTree = "<group>"; };
		344321122950587000FDE018 /* CardElementView.swift */ = {isa = PBXFileReference; lastKnownFileType = sourcecode.swift; path = CardElementView.swift; sourceTree = "<group>"; };
		3443211429505E5B00FDE018 /* Info.plist */ = {isa = PBXFileReference; lastKnownFileType = text.plist.xml; path = Info.plist; sourceTree = "<group>"; };
		344321152950623B00FDE018 /* Stickers */ = {isa = PBXFileReference; fileEncoding = 4; lastKnownFileType = text; path = Stickers; sourceTree = SOURCE_ROOT; };
		344321182950628D00FDE018 /* StickerPicker.swift */ = {isa = PBXFileReference; lastKnownFileType = sourcecode.swift; path = StickerPicker.swift; sourceTree = "<group>"; };
		3474D6A3294D697500E2FDB0 /* ResizableView.swift */ = {isa = PBXFileReference; lastKnownFileType = sourcecode.swift; path = ResizableView.swift; sourceTree = "<group>"; };
		3474D6A7294D70EC00E2FDB0 /* Transform.swift */ = {isa = PBXFileReference; lastKnownFileType = sourcecode.swift; path = Transform.swift; sourceTree = "<group>"; };
		3474D6A9294D75A300E2FDB0 /* Operators.swift */ = {isa = PBXFileReference; lastKnownFileType = sourcecode.swift; path = Operators.swift; sourceTree = "<group>"; };
		3474D6AC294D875E00E2FDB0 /* ViewExtensions.swift */ = {isa = PBXFileReference; lastKnownFileType = sourcecode.swift; path = ViewExtensions.swift; sourceTree = "<group>"; };
		3474D6AF294D94E700E2FDB0 /* Settings.swift */ = {isa = PBXFileReference; lastKnownFileType = sourcecode.swift; path = Settings.swift; sourceTree = "<group>"; };
		3474D6B1294D95C200E2FDB0 /* ColorExtensions.swift */ = {isa = PBXFileReference; lastKnownFileType = sourcecode.swift; path = ColorExtensions.swift; sourceTree = "<group>"; };
		3487E0B0294C55B300F61376 /* CardDetailView.swift */ = {isa = PBXFileReference; lastKnownFileType = sourcecode.swift; path = CardDetailView.swift; sourceTree = "<group>"; };
		3487E0B2294C5C7F00F61376 /* CardModal.swift */ = {isa = PBXFileReference; lastKnownFileType = sourcecode.swift; path = CardModal.swift; sourceTree = "<group>"; };
		3487E0B4294C5D0600F61376 /* CardBottomToolbar.swift */ = {isa = PBXFileReference; lastKnownFileType = sourcecode.swift; path = CardBottomToolbar.swift; sourceTree = "<group>"; };
/* End PBXFileReference section */

/* Begin PBXFrameworksBuildPhase section */
		34396BC0294C258000FCD508 /* Frameworks */ = {
			isa = PBXFrameworksBuildPhase;
			buildActionMask = 2147483647;
			files = (
			);
			runOnlyForDeploymentPostprocessing = 0;
		};
/* End PBXFrameworksBuildPhase section */

/* Begin PBXGroup section */
		34396BBA294C258000FCD508 = {
			isa = PBXGroup;
			children = (
				34396BC5294C258000FCD508 /* Cards */,
				34396BC4294C258000FCD508 /* Products */,
			);
			sourceTree = "<group>";
		};
		34396BC4294C258000FCD508 /* Products */ = {
			isa = PBXGroup;
			children = (
				34396BC3294C258000FCD508 /* Cards.app */,
			);
			name = Products;
			sourceTree = "<group>";
		};
		34396BC5294C258000FCD508 /* Cards */ = {
			isa = PBXGroup;
			children = (
				34396BC6294C258000FCD508 /* CardsApp.swift */,
				3474D6A5294D6F9E00E2FDB0 /* Views */,
				3474D6A6294D6FB400E2FDB0 /* Models */,
				3474D6AB294D873300E2FDB0 /* Extensions */,
				3474D6AE294D94CB00E2FDB0 /* Config */,
				344321152950623B00FDE018 /* Stickers */,
				34396BCA294C258200FCD508 /* Assets.xcassets */,
				34396BCC294C258200FCD508 /* Preview Content */,
			);
			path = Cards;
			sourceTree = "<group>";
		};
		34396BCC294C258200FCD508 /* Preview Content */ = {
			isa = PBXGroup;
			children = (
				3443210829504CA400FDE018 /* PreviewData.swift */,
				34396BCD294C258200FCD508 /* Preview Assets.xcassets */,
			);
			path = "Preview Content";
			sourceTree = "<group>";
		};
		344321172950626E00FDE018 /* Card Modal Views */ = {
			isa = PBXGroup;
			children = (
				344321182950628D00FDE018 /* StickerPicker.swift */,
			);
			path = "Card Modal Views";
			sourceTree = "<group>";
		};
		3474D6A5294D6F9E00E2FDB0 /* Views */ = {
			isa = PBXGroup;
			children = (
				34396BDC294C4E7D00FCD508 /* CardsView.swift */,
				34396BD6294C4C2700FCD508 /* CardsListView.swift */,
				34396BD4294C4B8D00FCD508 /* CardThumbnailView.swift */,
				34396BD8294C4C5100FCD508 /* SingleCardView.swift */,
				3487E0B0294C55B300F61376 /* CardDetailView.swift */,
				3487E0B4294C5D0600F61376 /* CardBottomToolbar.swift */,
				3474D6A3294D697500E2FDB0 /* ResizableView.swift */,
				344321122950587000FDE018 /* CardElementView.swift */,
				344321172950626E00FDE018 /* Card Modal Views */,
			);
			path = Views;
			sourceTree = "<group>";
		};
		3474D6A6294D6FB400E2FDB0 /* Models */ = {
			isa = PBXGroup;
			children = (
				34396BDA294C4CDD00FCD508 /* ViewState.swift */,
				3487E0B2294C5C7F00F61376 /* CardModal.swift */,
				3474D6A7294D70EC00E2FDB0 /* Transform.swift */,
				3443211029504E2400FDE018 /* CardStore.swift */,
				3443210E29504DE800FDE018 /* Card.swift */,
				3443210C29504D9E00FDE018 /* CardElement.swift */,
			);
			path = Models;
			sourceTree = "<group>";
		};
		3474D6AB294D873300E2FDB0 /* Extensions */ = {
			isa = PBXGroup;
			children = (
				3474D6AC294D875E00E2FDB0 /* ViewExtensions.swift */,
				3474D6B1294D95C200E2FDB0 /* ColorExtensions.swift */,
				3443210A29504CCE00FDE018 /* TextExtensions.swift */,
			);
			path = Extensions;
			sourceTree = "<group>";
		};
		3474D6AE294D94CB00E2FDB0 /* Config */ = {
			isa = PBXGroup;
			children = (
				3474D6AF294D94E700E2FDB0 /* Settings.swift */,
				3474D6A9294D75A300E2FDB0 /* Operators.swift */,
				3443211429505E5B00FDE018 /* Info.plist */,
			);
			path = Config;
			sourceTree = "<group>";
		};
/* End PBXGroup section */

/* Begin PBXNativeTarget section */
		34396BC2294C258000FCD508 /* Cards */ = {
			isa = PBXNativeTarget;
			buildConfigurationList = 34396BD1294C258200FCD508 /* Build configuration list for PBXNativeTarget "Cards" */;
			buildPhases = (
				34396BBF294C258000FCD508 /* Sources */,
				34396BC0294C258000FCD508 /* Frameworks */,
				34396BC1294C258000FCD508 /* Resources */,
			);
			buildRules = (
			);
			dependencies = (
			);
			name = Cards;
			productName = Cards;
			productReference = 34396BC3294C258000FCD508 /* Cards.app */;
			productType = "com.apple.product-type.application";
		};
/* End PBXNativeTarget section */

/* Begin PBXProject section */
		34396BBB294C258000FCD508 /* Project object */ = {
			isa = PBXProject;
			attributes = {
				BuildIndependentTargetsInParallel = 1;
				LastSwiftUpdateCheck = 1420;
				LastUpgradeCheck = 1420;
				TargetAttributes = {
					34396BC2294C258000FCD508 = {
						CreatedOnToolsVersion = 14.2;
					};
				};
			};
			buildConfigurationList = 34396BBE294C258000FCD508 /* Build configuration list for PBXProject "Cards" */;
			compatibilityVersion = "Xcode 14.0";
			developmentRegion = en;
			hasScannedForEncodings = 0;
			knownRegions = (
				en,
				Base,
			);
			mainGroup = 34396BBA294C258000FCD508;
			productRefGroup = 34396BC4294C258000FCD508 /* Products */;
			projectDirPath = "";
			projectRoot = "";
			targets = (
				34396BC2294C258000FCD508 /* Cards */,
			);
		};
/* End PBXProject section */

/* Begin PBXResourcesBuildPhase section */
		34396BC1294C258000FCD508 /* Resources */ = {
			isa = PBXResourcesBuildPhase;
			buildActionMask = 2147483647;
			files = (
				34396BCE294C258200FCD508 /* Preview Assets.xcassets in Resources */,
				344321162950623B00FDE018 /* Stickers in Resources */,
				34396BCB294C258200FCD508 /* Assets.xcassets in Resources */,
			);
			runOnlyForDeploymentPostprocessing = 0;
		};
/* End PBXResourcesBuildPhase section */

/* Begin PBXSourcesBuildPhase section */
		34396BBF294C258000FCD508 /* Sources */ = {
			isa = PBXSourcesBuildPhase;
			buildActionMask = 2147483647;
			files = (
				3474D6A8294D70EC00E2FDB0 /* Transform.swift in Sources */,
				3443211129504E2400FDE018 /* CardStore.swift in Sources */,
				3474D6A4294D697500E2FDB0 /* ResizableView.swift in Sources */,
				3443210F29504DE800FDE018 /* Card.swift in Sources */,
				34396BDD294C4E7D00FCD508 /* CardsView.swift in Sources */,
				3487E0B3294C5C7F00F61376 /* CardModal.swift in Sources */,
				344321132950587000FDE018 /* CardElementView.swift in Sources */,
				3474D6B0294D94E700E2FDB0 /* Settings.swift in Sources */,
				34396BD5294C4B8D00FCD508 /* CardThumbnailView.swift in Sources */,
				3443210D29504D9E00FDE018 /* CardElement.swift in Sources */,
				3474D6AA294D75A300E2FDB0 /* Operators.swift in Sources */,
				34396BDB294C4CDD00FCD508 /* ViewState.swift in Sources */,
				3443210929504CA400FDE018 /* PreviewData.swift in Sources */,
				3474D6AD294D875E00E2FDB0 /* ViewExtensions.swift in Sources */,
				3443210B29504CCE00FDE018 /* TextExtensions.swift in Sources */,
				34396BD7294C4C2700FCD508 /* CardsListView.swift in Sources */,
				3487E0B5294C5D0600F61376 /* CardBottomToolbar.swift in Sources */,
				3474D6B2294D95C200E2FDB0 /* ColorExtensions.swift in Sources */,
				34396BD9294C4C5100FCD508 /* SingleCardView.swift in Sources */,
				34396BC7294C258000FCD508 /* CardsApp.swift in Sources */,
				3487E0B1294C55B300F61376 /* CardDetailView.swift in Sources */,
				344321192950628D00FDE018 /* StickerPicker.swift in Sources */,
			);
			runOnlyForDeploymentPostprocessing = 0;
		};
/* End PBXSourcesBuildPhase section */

/* Begin XCBuildConfiguration section */
		34396BCF294C258200FCD508 /* Debug */ = {
			isa = XCBuildConfiguration;
			buildSettings = {
				ALWAYS_SEARCH_USER_PATHS = NO;
				CLANG_ANALYZER_NONNULL = YES;
				CLANG_ANALYZER_NUMBER_OBJECT_CONVERSION = YES_AGGRESSIVE;
				CLANG_CXX_LANGUAGE_STANDARD = "gnu++20";
				CLANG_ENABLE_MODULES = YES;
				CLANG_ENABLE_OBJC_ARC = YES;
				CLANG_ENABLE_OBJC_WEAK = YES;
				CLANG_WARN_BLOCK_CAPTURE_AUTORELEASING = YES;
				CLANG_WARN_BOOL_CONVERSION = YES;
				CLANG_WARN_COMMA = YES;
				CLANG_WARN_CONSTANT_CONVERSION = YES;
				CLANG_WARN_DEPRECATED_OBJC_IMPLEMENTATIONS = YES;
				CLANG_WARN_DIRECT_OBJC_ISA_USAGE = YES_ERROR;
				CLANG_WARN_DOCUMENTATION_COMMENTS = YES;
				CLANG_WARN_EMPTY_BODY = YES;
				CLANG_WARN_ENUM_CONVERSION = YES;
				CLANG_WARN_INFINITE_RECURSION = YES;
				CLANG_WARN_INT_CONVERSION = YES;
				CLANG_WARN_NON_LITERAL_NULL_CONVERSION = YES;
				CLANG_WARN_OBJC_IMPLICIT_RETAIN_SELF = YES;
				CLANG_WARN_OBJC_LITERAL_CONVERSION = YES;
				CLANG_WARN_OBJC_ROOT_CLASS = YES_ERROR;
				CLANG_WARN_QUOTED_INCLUDE_IN_FRAMEWORK_HEADER = YES;
				CLANG_WARN_RANGE_LOOP_ANALYSIS = YES;
				CLANG_WARN_STRICT_PROTOTYPES = YES;
				CLANG_WARN_SUSPICIOUS_MOVE = YES;
				CLANG_WARN_UNGUARDED_AVAILABILITY = YES_AGGRESSIVE;
				CLANG_WARN_UNREACHABLE_CODE = YES;
				CLANG_WARN__DUPLICATE_METHOD_MATCH = YES;
				COPY_PHASE_STRIP = NO;
				DEBUG_INFORMATION_FORMAT = dwarf;
				ENABLE_STRICT_OBJC_MSGSEND = YES;
				ENABLE_TESTABILITY = YES;
				GCC_C_LANGUAGE_STANDARD = gnu11;
				GCC_DYNAMIC_NO_PIC = NO;
				GCC_NO_COMMON_BLOCKS = YES;
				GCC_OPTIMIZATION_LEVEL = 0;
				GCC_PREPROCESSOR_DEFINITIONS = (
					"DEBUG=1",
					"$(inherited)",
				);
				GCC_WARN_64_TO_32_BIT_CONVERSION = YES;
				GCC_WARN_ABOUT_RETURN_TYPE = YES_ERROR;
				GCC_WARN_UNDECLARED_SELECTOR = YES;
				GCC_WARN_UNINITIALIZED_AUTOS = YES_AGGRESSIVE;
				GCC_WARN_UNUSED_FUNCTION = YES;
				GCC_WARN_UNUSED_VARIABLE = YES;
				IPHONEOS_DEPLOYMENT_TARGET = 16.2;
				MTL_ENABLE_DEBUG_INFO = INCLUDE_SOURCE;
				MTL_FAST_MATH = YES;
				ONLY_ACTIVE_ARCH = YES;
				SDKROOT = iphoneos;
				SWIFT_ACTIVE_COMPILATION_CONDITIONS = DEBUG;
				SWIFT_OPTIMIZATION_LEVEL = "-Onone";
			};
			name = Debug;
		};
		34396BD0294C258200FCD508 /* Release */ = {
			isa = XCBuildConfiguration;
			buildSettings = {
				ALWAYS_SEARCH_USER_PATHS = NO;
				CLANG_ANALYZER_NONNULL = YES;
				CLANG_ANALYZER_NUMBER_OBJECT_CONVERSION = YES_AGGRESSIVE;
				CLANG_CXX_LANGUAGE_STANDARD = "gnu++20";
				CLANG_ENABLE_MODULES = YES;
				CLANG_ENABLE_OBJC_ARC = YES;
				CLANG_ENABLE_OBJC_WEAK = YES;
				CLANG_WARN_BLOCK_CAPTURE_AUTORELEASING = YES;
				CLANG_WARN_BOOL_CONVERSION = YES;
				CLANG_WARN_COMMA = YES;
				CLANG_WARN_CONSTANT_CONVERSION = YES;
				CLANG_WARN_DEPRECATED_OBJC_IMPLEMENTATIONS = YES;
				CLANG_WARN_DIRECT_OBJC_ISA_USAGE = YES_ERROR;
				CLANG_WARN_DOCUMENTATION_COMMENTS = YES;
				CLANG_WARN_EMPTY_BODY = YES;
				CLANG_WARN_ENUM_CONVERSION = YES;
				CLANG_WARN_INFINITE_RECURSION = YES;
				CLANG_WARN_INT_CONVERSION = YES;
				CLANG_WARN_NON_LITERAL_NULL_CONVERSION = YES;
				CLANG_WARN_OBJC_IMPLICIT_RETAIN_SELF = YES;
				CLANG_WARN_OBJC_LITERAL_CONVERSION = YES;
				CLANG_WARN_OBJC_ROOT_CLASS = YES_ERROR;
				CLANG_WARN_QUOTED_INCLUDE_IN_FRAMEWORK_HEADER = YES;
				CLANG_WARN_RANGE_LOOP_ANALYSIS = YES;
				CLANG_WARN_STRICT_PROTOTYPES = YES;
				CLANG_WARN_SUSPICIOUS_MOVE = YES;
				CLANG_WARN_UNGUARDED_AVAILABILITY = YES_AGGRESSIVE;
				CLANG_WARN_UNREACHABLE_CODE = YES;
				CLANG_WARN__DUPLICATE_METHOD_MATCH = YES;
				COPY_PHASE_STRIP = NO;
				DEBUG_INFORMATION_FORMAT = "dwarf-with-dsym";
				ENABLE_NS_ASSERTIONS = NO;
				ENABLE_STRICT_OBJC_MSGSEND = YES;
				GCC_C_LANGUAGE_STANDARD = gnu11;
				GCC_NO_COMMON_BLOCKS = YES;
				GCC_WARN_64_TO_32_BIT_CONVERSION = YES;
				GCC_WARN_ABOUT_RETURN_TYPE = YES_ERROR;
				GCC_WARN_UNDECLARED_SELECTOR = YES;
				GCC_WARN_UNINITIALIZED_AUTOS = YES_AGGRESSIVE;
				GCC_WARN_UNUSED_FUNCTION = YES;
				GCC_WARN_UNUSED_VARIABLE = YES;
				IPHONEOS_DEPLOYMENT_TARGET = 16.2;
				MTL_ENABLE_DEBUG_INFO = NO;
				MTL_FAST_MATH = YES;
				SDKROOT = iphoneos;
				SWIFT_COMPILATION_MODE = wholemodule;
				SWIFT_OPTIMIZATION_LEVEL = "-O";
				VALIDATE_PRODUCT = YES;
			};
			name = Release;
		};
		34396BD2294C258200FCD508 /* Debug */ = {
			isa = XCBuildConfiguration;
			buildSettings = {
				ASSETCATALOG_COMPILER_APPICON_NAME = AppIcon;
				ASSETCATALOG_COMPILER_GLOBAL_ACCENT_COLOR_NAME = AccentColor;
				CODE_SIGN_STYLE = Automatic;
				CURRENT_PROJECT_VERSION = 1;
				DEVELOPMENT_ASSET_PATHS = "\"Cards/Preview Content\"";
				DEVELOPMENT_TEAM = V65YCRQZ2M;
				ENABLE_PREVIEWS = YES;
				GENERATE_INFOPLIST_FILE = YES;
				INFOPLIST_FILE = Cards/Info.plist;
				INFOPLIST_KEY_UIApplicationSceneManifest_Generation = YES;
				INFOPLIST_KEY_UIApplicationSupportsIndirectInputEvents = YES;
				INFOPLIST_KEY_UISupportedInterfaceOrientations_iPad = "UIInterfaceOrientationPortrait UIInterfaceOrientationPortraitUpsideDown UIInterfaceOrientationLandscapeLeft UIInterfaceOrientationLandscapeRight";
				INFOPLIST_KEY_UISupportedInterfaceOrientations_iPhone = "UIInterfaceOrientationPortrait UIInterfaceOrientationLandscapeLeft UIInterfaceOrientationLandscapeRight";
				LD_RUNPATH_SEARCH_PATHS = (
					"$(inherited)",
					"@executable_path/Frameworks",
				);
				MARKETING_VERSION = 1.0;
				PRODUCT_BUNDLE_IDENTIFIER = com.lzhlovesjyq.Cards;
				PRODUCT_NAME = "$(TARGET_NAME)";
				SWIFT_EMIT_LOC_STRINGS = YES;
				SWIFT_VERSION = 5.0;
				TARGETED_DEVICE_FAMILY = "1,2";
			};
			name = Debug;
		};
		34396BD3294C258200FCD508 /* Release */ = {
			isa = XCBuildConfiguration;
			buildSettings = {
				ASSETCATALOG_COMPILER_APPICON_NAME = AppIcon;
				ASSETCATALOG_COMPILER_GLOBAL_ACCENT_COLOR_NAME = AccentColor;
				CODE_SIGN_STYLE = Automatic;
				CURRENT_PROJECT_VERSION = 1;
				DEVELOPMENT_ASSET_PATHS = "\"Cards/Preview Content\"";
				DEVELOPMENT_TEAM = V65YCRQZ2M;
				ENABLE_PREVIEWS = YES;
				GENERATE_INFOPLIST_FILE = YES;
				INFOPLIST_FILE = Cards/Info.plist;
				INFOPLIST_KEY_UIApplicationSceneManifest_Generation = YES;
				INFOPLIST_KEY_UIApplicationSupportsIndirectInputEvents = YES;
				INFOPLIST_KEY_UISupportedInterfaceOrientations_iPad = "UIInterfaceOrientationPortrait UIInterfaceOrientationPortraitUpsideDown UIInterfaceOrientationLandscapeLeft UIInterfaceOrientationLandscapeRight";
				INFOPLIST_KEY_UISupportedInterfaceOrientations_iPhone = "UIInterfaceOrientationPortrait UIInterfaceOrientationLandscapeLeft UIInterfaceOrientationLandscapeRight";
				LD_RUNPATH_SEARCH_PATHS = (
					"$(inherited)",
					"@executable_path/Frameworks",
				);
				MARKETING_VERSION = 1.0;
				PRODUCT_BUNDLE_IDENTIFIER = com.lzhlovesjyq.Cards;
				PRODUCT_NAME = "$(TARGET_NAME)";
				SWIFT_EMIT_LOC_STRINGS = YES;
				SWIFT_VERSION = 5.0;
				TARGETED_DEVICE_FAMILY = "1,2";
			};
			name = Release;
		};
/* End XCBuildConfiguration section */

/* Begin XCConfigurationList section */
		34396BBE294C258000FCD508 /* Build configuration list for PBXProject "Cards" */ = {
			isa = XCConfigurationList;
			buildConfigurations = (
				34396BCF294C258200FCD508 /* Debug */,
				34396BD0294C258200FCD508 /* Release */,
			);
			defaultConfigurationIsVisible = 0;
			defaultConfigurationName = Release;
		};
		34396BD1294C258200FCD508 /* Build configuration list for PBXNativeTarget "Cards" */ = {
			isa = XCConfigurationList;
			buildConfigurations = (
				34396BD2294C258200FCD508 /* Debug */,
				34396BD3294C258200FCD508 /* Release */,
			);
			defaultConfigurationIsVisible = 0;
			defaultConfigurationName = Release;
		};
/* End XCConfigurationList section */
	};
	rootObject = 34396BBB294C258000FCD508 /* Project object */;
}
