// !$*UTF8*$!
{
	archiveVersion = 1;
	classes = {
	};
	objectVersion = 56;
	objects = {

/* Begin PBXBuildFile section */
		3484C95A291B8932000B2A2E /* landmarkData.json in Resources */ = {isa = PBXBuildFile; fileRef = 3484C959291B8932000B2A2E /* landmarkData.json */; };
		3484C95C291B8958000B2A2E /* Landmark.swift in Sources */ = {isa = PBXBuildFile; fileRef = 3484C95B291B8958000B2A2E /* Landmark.swift */; };
		3484C95E291B8C22000B2A2E /* ModelData.swift in Sources */ = {isa = PBXBuildFile; fileRef = 3484C95D291B8C22000B2A2E /* ModelData.swift */; };
		3484C963291B8E7E000B2A2E /* LandmarkRow.swift in Sources */ = {isa = PBXBuildFile; fileRef = 3484C962291B8E7E000B2A2E /* LandmarkRow.swift */; };
		3484C965291B943B000B2A2E /* LandmarkList.swift in Sources */ = {isa = PBXBuildFile; fileRef = 3484C964291B943B000B2A2E /* LandmarkList.swift */; };
		3484C967291B9573000B2A2E /* LandmarkDetail.swift in Sources */ = {isa = PBXBuildFile; fileRef = 3484C966291B9573000B2A2E /* LandmarkDetail.swift */; };
		F26B08F6291A99CC00B2E20C /* LandmarksApp.swift in Sources */ = {isa = PBXBuildFile; fileRef = F26B08F5291A99CC00B2E20C /* LandmarksApp.swift */; };
		F26B08F8291A99CC00B2E20C /* ContentView.swift in Sources */ = {isa = PBXBuildFile; fileRef = F26B08F7291A99CC00B2E20C /* ContentView.swift */; };
		F26B08FA291A99CD00B2E20C /* Assets.xcassets in Resources */ = {isa = PBXBuildFile; fileRef = F26B08F9291A99CD00B2E20C /* Assets.xcassets */; };
		F26B08FD291A99CD00B2E20C /* Preview Assets.xcassets in Resources */ = {isa = PBXBuildFile; fileRef = F26B08FC291A99CD00B2E20C /* Preview Assets.xcassets */; };
		F26B090A291A9EE000B2E20C /* CircleImage.swift in Sources */ = {isa = PBXBuildFile; fileRef = F26B0909291A9EE000B2E20C /* CircleImage.swift */; };
		F26B090C291A9FC200B2E20C /* MapView.swift in Sources */ = {isa = PBXBuildFile; fileRef = F26B090B291A9FC200B2E20C /* MapView.swift */; };
		F26B090E291BE96D00B2E20C /* FavoriteButton.swift in Sources */ = {isa = PBXBuildFile; fileRef = F26B090D291BE96D00B2E20C /* FavoriteButton.swift */; };
/* End PBXBuildFile section */

/* Begin PBXFileReference section */
		3484C959291B8932000B2A2E /* landmarkData.json */ = {isa = PBXFileReference; fileEncoding = 4; lastKnownFileType = text.json; path = landmarkData.json; sourceTree = "<group>"; };
		3484C95B291B8958000B2A2E /* Landmark.swift */ = {isa = PBXFileReference; lastKnownFileType = sourcecode.swift; path = Landmark.swift; sourceTree = "<group>"; };
		3484C95D291B8C22000B2A2E /* ModelData.swift */ = {isa = PBXFileReference; lastKnownFileType = sourcecode.swift; path = ModelData.swift; sourceTree = "<group>"; };
		3484C962291B8E7E000B2A2E /* LandmarkRow.swift */ = {isa = PBXFileReference; lastKnownFileType = sourcecode.swift; path = LandmarkRow.swift; sourceTree = "<group>"; };
		3484C964291B943B000B2A2E /* LandmarkList.swift */ = {isa = PBXFileReference; lastKnownFileType = sourcecode.swift; path = LandmarkList.swift; sourceTree = "<group>"; };
		3484C966291B9573000B2A2E /* LandmarkDetail.swift */ = {isa = PBXFileReference; lastKnownFileType = sourcecode.swift; path = LandmarkDetail.swift; sourceTree = "<group>"; };
		F26B08F2291A99CC00B2E20C /* Landmarks.app */ = {isa = PBXFileReference; explicitFileType = wrapper.application; includeInIndex = 0; path = Landmarks.app; sourceTree = BUILT_PRODUCTS_DIR; };
		F26B08F5291A99CC00B2E20C /* LandmarksApp.swift */ = {isa = PBXFileReference; lastKnownFileType = sourcecode.swift; path = LandmarksApp.swift; sourceTree = "<group>"; };
		F26B08F7291A99CC00B2E20C /* ContentView.swift */ = {isa = PBXFileReference; lastKnownFileType = sourcecode.swift; path = ContentView.swift; sourceTree = "<group>"; };
		F26B08F9291A99CD00B2E20C /* Assets.xcassets */ = {isa = PBXFileReference; lastKnownFileType = folder.assetcatalog; path = Assets.xcassets; sourceTree = "<group>"; };
		F26B08FC291A99CD00B2E20C /* Preview Assets.xcassets */ = {isa = PBXFileReference; lastKnownFileType = folder.assetcatalog; path = "Preview Assets.xcassets"; sourceTree = "<group>"; };
		F26B0909291A9EE000B2E20C /* CircleImage.swift */ = {isa = PBXFileReference; lastKnownFileType = sourcecode.swift; path = CircleImage.swift; sourceTree = "<group>"; };
		F26B090B291A9FC200B2E20C /* MapView.swift */ = {isa = PBXFileReference; lastKnownFileType = sourcecode.swift; path = MapView.swift; sourceTree = "<group>"; };
		F26B090D291BE96D00B2E20C /* FavoriteButton.swift */ = {isa = PBXFileReference; lastKnownFileType = sourcecode.swift; path = FavoriteButton.swift; sourceTree = "<group>"; };
/* End PBXFileReference section */

/* Begin PBXFrameworksBuildPhase section */
		F26B08EF291A99CC00B2E20C /* Frameworks */ = {
			isa = PBXFrameworksBuildPhase;
			buildActionMask = 2147483647;
			files = (
			);
			runOnlyForDeploymentPostprocessing = 0;
		};
/* End PBXFrameworksBuildPhase section */

/* Begin PBXGroup section */
		3484C95F291B8D88000B2A2E /* Views */ = {
			isa = PBXGroup;
			children = (
				F26B08F7291A99CC00B2E20C /* ContentView.swift */,
				F26B090F291BEA0B00B2E20C /* Landmarks */,
				F26B0910291BEA1700B2E20C /* Helpers */,
			);
			path = Views;
			sourceTree = "<group>";
		};
		3484C960291B8D95000B2A2E /* Model */ = {
			isa = PBXGroup;
			children = (
				3484C95B291B8958000B2A2E /* Landmark.swift */,
				3484C95D291B8C22000B2A2E /* ModelData.swift */,
			);
			path = Model;
			sourceTree = "<group>";
		};
		3484C961291B8DA2000B2A2E /* Resources */ = {
			isa = PBXGroup;
			children = (
				3484C959291B8932000B2A2E /* landmarkData.json */,
			);
			path = Resources;
			sourceTree = "<group>";
		};
		F26B08E9291A99CC00B2E20C = {
			isa = PBXGroup;
			children = (
				F26B08F4291A99CC00B2E20C /* Landmarks */,
				F26B08F3291A99CC00B2E20C /* Products */,
			);
			sourceTree = "<group>";
		};
		F26B08F3291A99CC00B2E20C /* Products */ = {
			isa = PBXGroup;
			children = (
				F26B08F2291A99CC00B2E20C /* Landmarks.app */,
			);
			name = Products;
			sourceTree = "<group>";
		};
		F26B08F4291A99CC00B2E20C /* Landmarks */ = {
			isa = PBXGroup;
			children = (
				F26B08F5291A99CC00B2E20C /* LandmarksApp.swift */,
				3484C95F291B8D88000B2A2E /* Views */,
				3484C960291B8D95000B2A2E /* Model */,
				3484C961291B8DA2000B2A2E /* Resources */,
				F26B08F9291A99CD00B2E20C /* Assets.xcassets */,
				F26B08FB291A99CD00B2E20C /* Preview Content */,
			);
			path = Landmarks;
			sourceTree = "<group>";
		};
		F26B08FB291A99CD00B2E20C /* Preview Content */ = {
			isa = PBXGroup;
			children = (
				F26B08FC291A99CD00B2E20C /* Preview Assets.xcassets */,
			);
			path = "Preview Content";
			sourceTree = "<group>";
		};
		F26B090F291BEA0B00B2E20C /* Landmarks */ = {
			isa = PBXGroup;
			children = (
				3484C964291B943B000B2A2E /* LandmarkList.swift */,
				3484C962291B8E7E000B2A2E /* LandmarkRow.swift */,
				3484C966291B9573000B2A2E /* LandmarkDetail.swift */,
			);
			path = Landmarks;
			sourceTree = "<group>";
		};
		F26B0910291BEA1700B2E20C /* Helpers */ = {
			isa = PBXGroup;
			children = (
				F26B090B291A9FC200B2E20C /* MapView.swift */,
				F26B0909291A9EE000B2E20C /* CircleImage.swift */,
				F26B090D291BE96D00B2E20C /* FavoriteButton.swift */,
			);
			path = Helpers;
			sourceTree = "<group>";
		};
/* End PBXGroup section */

/* Begin PBXNativeTarget section */
		F26B08F1291A99CC00B2E20C /* Landmarks */ = {
			isa = PBXNativeTarget;
			buildConfigurationList = F26B0900291A99CD00B2E20C /* Build configuration list for PBXNativeTarget "Landmarks" */;
			buildPhases = (
				F26B08EE291A99CC00B2E20C /* Sources */,
				F26B08EF291A99CC00B2E20C /* Frameworks */,
				F26B08F0291A99CC00B2E20C /* Resources */,
			);
			buildRules = (
			);
			dependencies = (
			);
			name = Landmarks;
			productName = Landmarks;
			productReference = F26B08F2291A99CC00B2E20C /* Landmarks.app */;
			productType = "com.apple.product-type.application";
		};
/* End PBXNativeTarget section */

/* Begin PBXProject section */
		F26B08EA291A99CC00B2E20C /* Project object */ = {
			isa = PBXProject;
			attributes = {
				BuildIndependentTargetsInParallel = 1;
				LastSwiftUpdateCheck = 1410;
				LastUpgradeCheck = 1410;
				TargetAttributes = {
					F26B08F1291A99CC00B2E20C = {
						CreatedOnToolsVersion = 14.1;
					};
				};
			};
			buildConfigurationList = F26B08ED291A99CC00B2E20C /* Build configuration list for PBXProject "Landmarks" */;
			compatibilityVersion = "Xcode 14.0";
			developmentRegion = en;
			hasScannedForEncodings = 0;
			knownRegions = (
				en,
				Base,
			);
			mainGroup = F26B08E9291A99CC00B2E20C;
			productRefGroup = F26B08F3291A99CC00B2E20C /* Products */;
			projectDirPath = "";
			projectRoot = "";
			targets = (
				F26B08F1291A99CC00B2E20C /* Landmarks */,
			);
		};
/* End PBXProject section */

/* Begin PBXResourcesBuildPhase section */
		F26B08F0291A99CC00B2E20C /* Resources */ = {
			isa = PBXResourcesBuildPhase;
			buildActionMask = 2147483647;
			files = (
				F26B08FD291A99CD00B2E20C /* Preview Assets.xcassets in Resources */,
				F26B08FA291A99CD00B2E20C /* Assets.xcassets in Resources */,
				3484C95A291B8932000B2A2E /* landmarkData.json in Resources */,
			);
			runOnlyForDeploymentPostprocessing = 0;
		};
/* End PBXResourcesBuildPhase section */

/* Begin PBXSourcesBuildPhase section */
		F26B08EE291A99CC00B2E20C /* Sources */ = {
			isa = PBXSourcesBuildPhase;
			buildActionMask = 2147483647;
			files = (
				F26B08F8291A99CC00B2E20C /* ContentView.swift in Sources */,
				F26B090C291A9FC200B2E20C /* MapView.swift in Sources */,
				F26B08F6291A99CC00B2E20C /* LandmarksApp.swift in Sources */,
				F26B090E291BE96D00B2E20C /* FavoriteButton.swift in Sources */,
				3484C965291B943B000B2A2E /* LandmarkList.swift in Sources */,
				3484C967291B9573000B2A2E /* LandmarkDetail.swift in Sources */,
				F26B090A291A9EE000B2E20C /* CircleImage.swift in Sources */,
				3484C95C291B8958000B2A2E /* Landmark.swift in Sources */,
				3484C963291B8E7E000B2A2E /* LandmarkRow.swift in Sources */,
				3484C95E291B8C22000B2A2E /* ModelData.swift in Sources */,
			);
			runOnlyForDeploymentPostprocessing = 0;
		};
/* End PBXSourcesBuildPhase section */

/* Begin XCBuildConfiguration section */
		F26B08FE291A99CD00B2E20C /* Debug */ = {
			isa = XCBuildConfiguration;
			buildSettings = {
				ALWAYS_SEARCH_USER_PATHS = NO;
				CLANG_ANALYZER_NONNULL = YES;
				CLANG_ANALYZER_NUMBER_OBJECT_CONVERSION = YES_AGGRESSIVE;
				CLANG_CXX_LANGUAGE_STANDARD = "gnu++20";
				CLANG_ENABLE_MODULES = YES;
				CLANG_ENABLE_OBJC_ARC = YES;
				CLANG_ENABLE_OBJC_WEAK = YES;
				CLANG_WARN_BLOCK_CAPTURE_AUTORELEASING = YES;
				CLANG_WARN_BOOL_CONVERSION = YES;
				CLANG_WARN_COMMA = YES;
				CLANG_WARN_CONSTANT_CONVERSION = YES;
				CLANG_WARN_DEPRECATED_OBJC_IMPLEMENTATIONS = YES;
				CLANG_WARN_DIRECT_OBJC_ISA_USAGE = YES_ERROR;
				CLANG_WARN_DOCUMENTATION_COMMENTS = YES;
				CLANG_WARN_EMPTY_BODY = YES;
				CLANG_WARN_ENUM_CONVERSION = YES;
				CLANG_WARN_INFINITE_RECURSION = YES;
				CLANG_WARN_INT_CONVERSION = YES;
				CLANG_WARN_NON_LITERAL_NULL_CONVERSION = YES;
				CLANG_WARN_OBJC_IMPLICIT_RETAIN_SELF = YES;
				CLANG_WARN_OBJC_LITERAL_CONVERSION = YES;
				CLANG_WARN_OBJC_ROOT_CLASS = YES_ERROR;
				CLANG_WARN_QUOTED_INCLUDE_IN_FRAMEWORK_HEADER = YES;
				CLANG_WARN_RANGE_LOOP_ANALYSIS = YES;
				CLANG_WARN_STRICT_PROTOTYPES = YES;
				CLANG_WARN_SUSPICIOUS_MOVE = YES;
				CLANG_WARN_UNGUARDED_AVAILABILITY = YES_AGGRESSIVE;
				CLANG_WARN_UNREACHABLE_CODE = YES;
				CLANG_WARN__DUPLICATE_METHOD_MATCH = YES;
				COPY_PHASE_STRIP = NO;
				DEBUG_INFORMATION_FORMAT = dwarf;
				ENABLE_STRICT_OBJC_MSGSEND = YES;
				ENABLE_TESTABILITY = YES;
				GCC_C_LANGUAGE_STANDARD = gnu11;
				GCC_DYNAMIC_NO_PIC = NO;
				GCC_NO_COMMON_BLOCKS = YES;
				GCC_OPTIMIZATION_LEVEL = 0;
				GCC_PREPROCESSOR_DEFINITIONS = (
					"DEBUG=1",
					"$(inherited)",
				);
				GCC_WARN_64_TO_32_BIT_CONVERSION = YES;
				GCC_WARN_ABOUT_RETURN_TYPE = YES_ERROR;
				GCC_WARN_UNDECLARED_SELECTOR = YES;
				GCC_WARN_UNINITIALIZED_AUTOS = YES_AGGRESSIVE;
				GCC_WARN_UNUSED_FUNCTION = YES;
				GCC_WARN_UNUSED_VARIABLE = YES;
				IPHONEOS_DEPLOYMENT_TARGET = 16.1;
				MTL_ENABLE_DEBUG_INFO = INCLUDE_SOURCE;
				MTL_FAST_MATH = YES;
				ONLY_ACTIVE_ARCH = YES;
				SDKROOT = iphoneos;
				SWIFT_ACTIVE_COMPILATION_CONDITIONS = DEBUG;
				SWIFT_OPTIMIZATION_LEVEL = "-Onone";
			};
			name = Debug;
		};
		F26B08FF291A99CD00B2E20C /* Release */ = {
			isa = XCBuildConfiguration;
			buildSettings = {
				ALWAYS_SEARCH_USER_PATHS = NO;
				CLANG_ANALYZER_NONNULL = YES;
				CLANG_ANALYZER_NUMBER_OBJECT_CONVERSION = YES_AGGRESSIVE;
				CLANG_CXX_LANGUAGE_STANDARD = "gnu++20";
				CLANG_ENABLE_MODULES = YES;
				CLANG_ENABLE_OBJC_ARC = YES;
				CLANG_ENABLE_OBJC_WEAK = YES;
				CLANG_WARN_BLOCK_CAPTURE_AUTORELEASING = YES;
				CLANG_WARN_BOOL_CONVERSION = YES;
				CLANG_WARN_COMMA = YES;
				CLANG_WARN_CONSTANT_CONVERSION = YES;
				CLANG_WARN_DEPRECATED_OBJC_IMPLEMENTATIONS = YES;
				CLANG_WARN_DIRECT_OBJC_ISA_USAGE = YES_ERROR;
				CLANG_WARN_DOCUMENTATION_COMMENTS = YES;
				CLANG_WARN_EMPTY_BODY = YES;
				CLANG_WARN_ENUM_CONVERSION = YES;
				CLANG_WARN_INFINITE_RECURSION = YES;
				CLANG_WARN_INT_CONVERSION = YES;
				CLANG_WARN_NON_LITERAL_NULL_CONVERSION = YES;
				CLANG_WARN_OBJC_IMPLICIT_RETAIN_SELF = YES;
				CLANG_WARN_OBJC_LITERAL_CONVERSION = YES;
				CLANG_WARN_OBJC_ROOT_CLASS = YES_ERROR;
				CLANG_WARN_QUOTED_INCLUDE_IN_FRAMEWORK_HEADER = YES;
				CLANG_WARN_RANGE_LOOP_ANALYSIS = YES;
				CLANG_WARN_STRICT_PROTOTYPES = YES;
				CLANG_WARN_SUSPICIOUS_MOVE = YES;
				CLANG_WARN_UNGUARDED_AVAILABILITY = YES_AGGRESSIVE;
				CLANG_WARN_UNREACHABLE_CODE = YES;
				CLANG_WARN__DUPLICATE_METHOD_MATCH = YES;
				COPY_PHASE_STRIP = NO;
				DEBUG_INFORMATION_FORMAT = "dwarf-with-dsym";
				ENABLE_NS_ASSERTIONS = NO;
				ENABLE_STRICT_OBJC_MSGSEND = YES;
				GCC_C_LANGUAGE_STANDARD = gnu11;
				GCC_NO_COMMON_BLOCKS = YES;
				GCC_WARN_64_TO_32_BIT_CONVERSION = YES;
				GCC_WARN_ABOUT_RETURN_TYPE = YES_ERROR;
				GCC_WARN_UNDECLARED_SELECTOR = YES;
				GCC_WARN_UNINITIALIZED_AUTOS = YES_AGGRESSIVE;
				GCC_WARN_UNUSED_FUNCTION = YES;
				GCC_WARN_UNUSED_VARIABLE = YES;
				IPHONEOS_DEPLOYMENT_TARGET = 16.1;
				MTL_ENABLE_DEBUG_INFO = NO;
				MTL_FAST_MATH = YES;
				SDKROOT = iphoneos;
				SWIFT_COMPILATION_MODE = wholemodule;
				SWIFT_OPTIMIZATION_LEVEL = "-O";
				VALIDATE_PRODUCT = YES;
			};
			name = Release;
		};
		F26B0901291A99CD00B2E20C /* Debug */ = {
			isa = XCBuildConfiguration;
			buildSettings = {
				ASSETCATALOG_COMPILER_APPICON_NAME = AppIcon;
				ASSETCATALOG_COMPILER_GLOBAL_ACCENT_COLOR_NAME = AccentColor;
				CODE_SIGN_STYLE = Automatic;
				CURRENT_PROJECT_VERSION = 1;
				DEVELOPMENT_ASSET_PATHS = "\"Landmarks/Preview Content\"";
				DEVELOPMENT_TEAM = V65YCRQZ2M;
				ENABLE_PREVIEWS = YES;
				GENERATE_INFOPLIST_FILE = YES;
				INFOPLIST_KEY_UIApplicationSceneManifest_Generation = YES;
				INFOPLIST_KEY_UIApplicationSupportsIndirectInputEvents = YES;
				INFOPLIST_KEY_UILaunchScreen_Generation = YES;
				INFOPLIST_KEY_UISupportedInterfaceOrientations_iPad = "UIInterfaceOrientationPortrait UIInterfaceOrientationPortraitUpsideDown UIInterfaceOrientationLandscapeLeft UIInterfaceOrientationLandscapeRight";
				INFOPLIST_KEY_UISupportedInterfaceOrientations_iPhone = "UIInterfaceOrientationPortrait UIInterfaceOrientationLandscapeLeft UIInterfaceOrientationLandscapeRight";
				LD_RUNPATH_SEARCH_PATHS = (
					"$(inherited)",
					"@executable_path/Frameworks",
				);
				MARKETING_VERSION = 1.0;
				PRODUCT_BUNDLE_IDENTIFIER = com.lzhlovesjyq.Landmarks;
				PRODUCT_NAME = "$(TARGET_NAME)";
				SWIFT_EMIT_LOC_STRINGS = YES;
				SWIFT_VERSION = 5.0;
				TARGETED_DEVICE_FAMILY = "1,2";
			};
			name = Debug;
		};
		F26B0902291A99CD00B2E20C /* Release */ = {
			isa = XCBuildConfiguration;
			buildSettings = {
				ASSETCATALOG_COMPILER_APPICON_NAME = AppIcon;
				ASSETCATALOG_COMPILER_GLOBAL_ACCENT_COLOR_NAME = AccentColor;
				CODE_SIGN_STYLE = Automatic;
				CURRENT_PROJECT_VERSION = 1;
				DEVELOPMENT_ASSET_PATHS = "\"Landmarks/Preview Content\"";
				DEVELOPMENT_TEAM = V65YCRQZ2M;
				ENABLE_PREVIEWS = YES;
				GENERATE_INFOPLIST_FILE = YES;
				INFOPLIST_KEY_UIApplicationSceneManifest_Generation = YES;
				INFOPLIST_KEY_UIApplicationSupportsIndirectInputEvents = YES;
				INFOPLIST_KEY_UILaunchScreen_Generation = YES;
				INFOPLIST_KEY_UISupportedInterfaceOrientations_iPad = "UIInterfaceOrientationPortrait UIInterfaceOrientationPortraitUpsideDown UIInterfaceOrientationLandscapeLeft UIInterfaceOrientationLandscapeRight";
				INFOPLIST_KEY_UISupportedInterfaceOrientations_iPhone = "UIInterfaceOrientationPortrait UIInterfaceOrientationLandscapeLeft UIInterfaceOrientationLandscapeRight";
				LD_RUNPATH_SEARCH_PATHS = (
					"$(inherited)",
					"@executable_path/Frameworks",
				);
				MARKETING_VERSION = 1.0;
				PRODUCT_BUNDLE_IDENTIFIER = com.lzhlovesjyq.Landmarks;
				PRODUCT_NAME = "$(TARGET_NAME)";
				SWIFT_EMIT_LOC_STRINGS = YES;
				SWIFT_VERSION = 5.0;
				TARGETED_DEVICE_FAMILY = "1,2";
			};
			name = Release;
		};
/* End XCBuildConfiguration section */

/* Begin XCConfigurationList section */
		F26B08ED291A99CC00B2E20C /* Build configuration list for PBXProject "Landmarks" */ = {
			isa = XCConfigurationList;
			buildConfigurations = (
				F26B08FE291A99CD00B2E20C /* Debug */,
				F26B08FF291A99CD00B2E20C /* Release */,
			);
			defaultConfigurationIsVisible = 0;
			defaultConfigurationName = Release;
		};
		F26B0900291A99CD00B2E20C /* Build configuration list for PBXNativeTarget "Landmarks" */ = {
			isa = XCConfigurationList;
			buildConfigurations = (
				F26B0901291A99CD00B2E20C /* Debug */,
				F26B0902291A99CD00B2E20C /* Release */,
			);
			defaultConfigurationIsVisible = 0;
			defaultConfigurationName = Release;
		};
/* End XCConfigurationList section */
	};
	rootObject = F26B08EA291A99CC00B2E20C /* Project object */;
}
